schema: '2.0'
stages:
  Split_data:
    cmd: python src/step1_split_data.py
    deps:
    - path: Data/qsar_fish_toxicity.csv
      md5: af7544332b3d55b425a4159d543190ff
      size: 31204
    - path: src/step0_utility_functions.py
      md5: e8cef867cdd9005e4d14a289571f89c0
      size: 1280
    - path: src/step1_split_data.py
      md5: b1633eba2d21c023d8f9d27b3fccc1d0
      size: 2536
    outs:
    - path: Data/test.csv
      md5: e59588a69894d14c6fe92975804e846d
      size: 1631
    - path: Data/train.csv
      md5: a1db41d521d7015cae1c5bd943b063bf
      size: 29622
  Train_And_Evaluate_Model:
    cmd: python src/step2_create_train_pipe.py
    deps:
    - path: Data/test.csv
      md5: e59588a69894d14c6fe92975804e846d
      size: 1631
    - path: Data/train.csv
      md5: a1db41d521d7015cae1c5bd943b063bf
      size: 29622
    - path: src/step0_utility_functions.py
      md5: e8cef867cdd9005e4d14a289571f89c0
      size: 1280
    - path: src/step2_create_train_pipe.py
      md5: adab43f44bd6bdc540dbbd19e063506b
      size: 8430
    outs:
    - path: Data/feat_importance.csv
      md5: bc74f830f3457c150908c56a0aa14802
      size: 114
    - path: Metrics/metrics.json
      md5: b1dc389e065d5a0ccd91d6532405fb67
      size: 134
    - path: Model/VotingRegressorModel.joblib
      md5: 36666287f693d106b2fd337edf7fd9b9
      size: 6592482
    - path: Plots/feature_importance.png
      md5: f8208157aea6ac9def594fa78d9416f0
      size: 36651
